
Microsoft Visual Studio Solution File, Format Version 12.00
# Visual Studio 15
VisualStudioVersion = 15.0.28307.757
MinimumVisualStudioVersion = 10.0.40219.1
Project("{FAE04EC0-301F-11D3-BF4B-00C04F79EFBC}") = "MeetingWebsite", "MeetingWebsite\MeetingWebsite.csproj", "{1B044D06-FEE0-40C1-B7B5-A7D8EC7581AC}"
EndProject
Global
	GlobalSection(SolutionConfigurationPlatforms) = preSolution
		Debug|Any CPU = Debug|Any CPU
		Release|Any CPU = Release|Any CPU
	EndGlobalSection
	GlobalSection(ProjectConfigurationPlatforms) = postSolution
		{1B044D06-FEE0-40C1-B7B5-A7D8EC7581AC}.Debug|Any CPU.ActiveCfg = Debug|Any CPU
		{1B044D06-FEE0-40C1-B7B5-A7D8EC7581AC}.Debug|Any CPU.Build.0 = Debug|Any CPU
		{1B044D06-FEE0-40C1-B7B5-A7D8EC7581AC}.Release|Any CPU.ActiveCfg = Release|Any CPU
		{1B044D06-FEE0-40C1-B7B5-A7D8EC7581AC}.Release|Any CPU.Build.0 = Release|Any CPU
	EndGlobalSection
	GlobalSection(SolutionProperties) = preSolution
		HideSolutionNode = FALSE
	EndGlobalSection
	GlobalSection(ExtensibilityGlobals) = postSolution
		SolutionGuid = {F6C1BD81-7DE7-42E5-A959-E9BD5C29ABFF}
	EndGlobalSection
EndGlobal
